
Microsoft Visual Studio Solution File, Format Version 12.00
# Visual Studio 15
Project("{FAE04EC0-301F-11D3-BF4B-00C04F79EFBC}") = "consoleApp", "consoleApp\consoleApp.csproj", "{AF6F268F-6FB1-4BFD-B11D-92E395033C96}"
EndProject
Global
	GlobalSection(SolutionConfigurationPlatforms) = preSolution
		Debug|Any CPU = Debug|Any CPU
		Release|Any CPU = Release|Any CPU
	EndGlobalSection
	GlobalSection(ProjectConfigurationPlatforms) = postSolution
		{AF6F268F-6FB1-4BFD-B11D-92E395033C96}.Debug|Any CPU.ActiveCfg = Debug|Any CPU
		{AF6F268F-6FB1-4BFD-B11D-92E395033C96}.Debug|Any CPU.Build.0 = Debug|Any CPU
		{AF6F268F-6FB1-4BFD-B11D-92E395033C96}.Release|Any CPU.ActiveCfg = Release|Any CPU
		{AF6F268F-6FB1-4BFD-B11D-92E395033C96}.Release|Any CPU.Build.0 = Release|Any CPU
	EndGlobalSection
EndGlobal
